
Microsoft Visual Studio Solution File, Format Version 12.00
# Visual Studio Version 17
VisualStudioVersion = 17.6.33723.286
MinimumVisualStudioVersion = 10.0.40219.1
Project("{FAE04EC0-301F-11D3-BF4B-00C04F79EFBC}") = "AngularAuthAPI", "AngularAuthAPI\AngularAuthAPI.csproj", "{BCDC80A4-3A63-46A8-A74D-7EE2A80BBC10}"
EndProject
Global
	GlobalSection(SolutionConfigurationPlatforms) = preSolution
		Debug|Any CPU = Debug|Any CPU
		Release|Any CPU = Release|Any CPU
	EndGlobalSection
	GlobalSection(ProjectConfigurationPlatforms) = postSolution
		{BCDC80A4-3A63-46A8-A74D-7EE2A80BBC10}.Debug|Any CPU.ActiveCfg = Debug|Any CPU
		{BCDC80A4-3A63-46A8-A74D-7EE2A80BBC10}.Debug|Any CPU.Build.0 = Debug|Any CPU
		{BCDC80A4-3A63-46A8-A74D-7EE2A80BBC10}.Release|Any CPU.ActiveCfg = Release|Any CPU
		{BCDC80A4-3A63-46A8-A74D-7EE2A80BBC10}.Release|Any CPU.Build.0 = Release|Any CPU
	EndGlobalSection
	GlobalSection(SolutionProperties) = preSolution
		HideSolutionNode = FALSE
	EndGlobalSection
	GlobalSection(ExtensibilityGlobals) = postSolution
		SolutionGuid = {EC76954B-2117-484E-B48D-CF6DCF791222}
	EndGlobalSection
EndGlobal
